
Microsoft Visual Studio Solution File, Format Version 12.00
# Visual Studio Version 16
VisualStudioVersion = 16.0.810.20
MinimumVisualStudioVersion = 10.0.40219.1
Project("{FAE04EC0-301F-11D3-BF4B-00C04F79EFBC}") = "TexCounter", "TexCounter\TexCounter.csproj", "{1064CB2E-C900-4FDC-BB47-4047A2FF3E1C}"
EndProject
Project("{FAE04EC0-301F-11D3-BF4B-00C04F79EFBC}") = "BindingTest", "BindingTest\BindingTest.csproj", "{06646D35-6D5C-438D-991C-ABCCA435A921}"
EndProject
Global
	GlobalSection(SolutionConfigurationPlatforms) = preSolution
		Debug|Any CPU = Debug|Any CPU
		Release|Any CPU = Release|Any CPU
	EndGlobalSection
	GlobalSection(ProjectConfigurationPlatforms) = postSolution
		{1064CB2E-C900-4FDC-BB47-4047A2FF3E1C}.Debug|Any CPU.ActiveCfg = Debug|Any CPU
		{1064CB2E-C900-4FDC-BB47-4047A2FF3E1C}.Debug|Any CPU.Build.0 = Debug|Any CPU
		{1064CB2E-C900-4FDC-BB47-4047A2FF3E1C}.Release|Any CPU.ActiveCfg = Release|Any CPU
		{1064CB2E-C900-4FDC-BB47-4047A2FF3E1C}.Release|Any CPU.Build.0 = Release|Any CPU
		{06646D35-6D5C-438D-991C-ABCCA435A921}.Debug|Any CPU.ActiveCfg = Debug|Any CPU
		{06646D35-6D5C-438D-991C-ABCCA435A921}.Debug|Any CPU.Build.0 = Debug|Any CPU
		{06646D35-6D5C-438D-991C-ABCCA435A921}.Release|Any CPU.ActiveCfg = Release|Any CPU
		{06646D35-6D5C-438D-991C-ABCCA435A921}.Release|Any CPU.Build.0 = Release|Any CPU
	EndGlobalSection
	GlobalSection(SolutionProperties) = preSolution
		HideSolutionNode = FALSE
	EndGlobalSection
	GlobalSection(ExtensibilityGlobals) = postSolution
		SolutionGuid = {2CBC6CAB-C917-4848-B8E7-EC02E599196D}
	EndGlobalSection
EndGlobal
